
Microsoft Visual Studio Solution File, Format Version 12.00
# Visual Studio 15
VisualStudioVersion = 15.0.27130.2010
MinimumVisualStudioVersion = 10.0.40219.1
Project("{8BC9CEB8-8B4A-11D0-8D11-00A0C91BC942}") = "Praticandoponteiro", "Praticandoponteiro\Praticandoponteiro.vcxproj", "{D8D1F62D-AFAA-4F38-AB18-BE1441AC467A}"
EndProject
Global
	GlobalSection(SolutionConfigurationPlatforms) = preSolution
		Debug|x64 = Debug|x64
		Debug|x86 = Debug|x86
		Release|x64 = Release|x64
		Release|x86 = Release|x86
	EndGlobalSection
	GlobalSection(ProjectConfigurationPlatforms) = postSolution
		{D8D1F62D-AFAA-4F38-AB18-BE1441AC467A}.Debug|x64.ActiveCfg = Debug|x64
		{D8D1F62D-AFAA-4F38-AB18-BE1441AC467A}.Debug|x64.Build.0 = Debug|x64
		{D8D1F62D-AFAA-4F38-AB18-BE1441AC467A}.Debug|x86.ActiveCfg = Debug|Win32
		{D8D1F62D-AFAA-4F38-AB18-BE1441AC467A}.Debug|x86.Build.0 = Debug|Win32
		{D8D1F62D-AFAA-4F38-AB18-BE1441AC467A}.Release|x64.ActiveCfg = Release|x64
		{D8D1F62D-AFAA-4F38-AB18-BE1441AC467A}.Release|x64.Build.0 = Release|x64
		{D8D1F62D-AFAA-4F38-AB18-BE1441AC467A}.Release|x86.ActiveCfg = Release|Win32
		{D8D1F62D-AFAA-4F38-AB18-BE1441AC467A}.Release|x86.Build.0 = Release|Win32
	EndGlobalSection
	GlobalSection(SolutionProperties) = preSolution
		HideSolutionNode = FALSE
	EndGlobalSection
	GlobalSection(ExtensibilityGlobals) = postSolution
		SolutionGuid = {27709C2E-A300-4EC8-9B10-D4B90AC49B99}
	EndGlobalSection
EndGlobal
